// !$*UTF8*$!
{
	archiveVersion = 1;
	classes = {
	};
	objectVersion = 55;
	objects = {

/* Begin PBXBuildFile section */
		05A4B3E62759F50F0030FDE0 /* AppDelegate.swift in Sources */ = {isa = PBXBuildFile; fileRef = 05A4B3E52759F50F0030FDE0 /* AppDelegate.swift */; };
		05A4B3E82759F50F0030FDE0 /* SceneDelegate.swift in Sources */ = {isa = PBXBuildFile; fileRef = 05A4B3E72759F50F0030FDE0 /* SceneDelegate.swift */; };
		05A4B3EA2759F50F0030FDE0 /* TabBarViewController.swift in Sources */ = {isa = PBXBuildFile; fileRef = 05A4B3E92759F50F0030FDE0 /* TabBarViewController.swift */; };
		05A4B3ED2759F50F0030FDE0 /* Main.storyboard in Resources */ = {isa = PBXBuildFile; fileRef = 05A4B3EB2759F50F0030FDE0 /* Main.storyboard */; };
		05A4B3EF2759F5100030FDE0 /* Assets.xcassets in Resources */ = {isa = PBXBuildFile; fileRef = 05A4B3EE2759F5100030FDE0 /* Assets.xcassets */; };
		05A4B3F22759F5100030FDE0 /* LaunchScreen.storyboard in Resources */ = {isa = PBXBuildFile; fileRef = 05A4B3F02759F5100030FDE0 /* LaunchScreen.storyboard */; };
		05A4B4002759F8230030FDE0 /* HomeViewController.swift in Sources */ = {isa = PBXBuildFile; fileRef = 05A4B3FF2759F8230030FDE0 /* HomeViewController.swift */; };
		05A4B4022759F8C70030FDE0 /* FeedViewController.swift in Sources */ = {isa = PBXBuildFile; fileRef = 05A4B4012759F8C70030FDE0 /* FeedViewController.swift */; };
		05A4B4042759F9730030FDE0 /* WritingViewController.swift in Sources */ = {isa = PBXBuildFile; fileRef = 05A4B4032759F9730030FDE0 /* WritingViewController.swift */; };
		05A4B4062759F99E0030FDE0 /* NotificationViewController.swift in Sources */ = {isa = PBXBuildFile; fileRef = 05A4B4052759F99E0030FDE0 /* NotificationViewController.swift */; };
		05A4B4082759F9DE0030FDE0 /* ProfileViewController.swift in Sources */ = {isa = PBXBuildFile; fileRef = 05A4B4072759F9DE0030FDE0 /* ProfileViewController.swift */; };
		05A4B40B275A082F0030FDE0 /* ProfileModel.swift in Sources */ = {isa = PBXBuildFile; fileRef = 05A4B40A275A082F0030FDE0 /* ProfileModel.swift */; };
		05A4B40D275A11750030FDE0 /* ProfileInfoHeader.swift in Sources */ = {isa = PBXBuildFile; fileRef = 05A4B40C275A11750030FDE0 /* ProfileInfoHeader.swift */; };
		05A4B411275A13760030FDE0 /* ProfileViewControllerExtensions.swift in Sources */ = {isa = PBXBuildFile; fileRef = 05A4B410275A13760030FDE0 /* ProfileViewControllerExtensions.swift */; };
/* End PBXBuildFile section */

/* Begin PBXFileReference section */
		05A4B3E22759F50F0030FDE0 /* TistoryStoryboard.app */ = {isa = PBXFileReference; explicitFileType = wrapper.application; includeInIndex = 0; path = TistoryStoryboard.app; sourceTree = BUILT_PRODUCTS_DIR; };
		05A4B3E52759F50F0030FDE0 /* AppDelegate.swift */ = {isa = PBXFileReference; lastKnownFileType = sourcecode.swift; path = AppDelegate.swift; sourceTree = "<group>"; };
		05A4B3E72759F50F0030FDE0 /* SceneDelegate.swift */ = {isa = PBXFileReference; lastKnownFileType = sourcecode.swift; path = SceneDelegate.swift; sourceTree = "<group>"; };
		05A4B3E92759F50F0030FDE0 /* TabBarViewController.swift */ = {isa = PBXFileReference; lastKnownFileType = sourcecode.swift; path = TabBarViewController.swift; sourceTree = "<group>"; };
		05A4B3EC2759F50F0030FDE0 /* Base */ = {isa = PBXFileReference; lastKnownFileType = file.storyboard; name = Base; path = Base.lproj/Main.storyboard; sourceTree = "<group>"; };
		05A4B3EE2759F5100030FDE0 /* Assets.xcassets */ = {isa = PBXFileReference; lastKnownFileType = folder.assetcatalog; path = Assets.xcassets; sourceTree = "<group>"; };
		05A4B3F12759F5100030FDE0 /* Base */ = {isa = PBXFileReference; lastKnownFileType = file.storyboard; name = Base; path = Base.lproj/LaunchScreen.storyboard; sourceTree = "<group>"; };
		05A4B3F32759F5100030FDE0 /* Info.plist */ = {isa = PBXFileReference; lastKnownFileType = text.plist.xml; path = Info.plist; sourceTree = "<group>"; };
		05A4B3FF2759F8230030FDE0 /* HomeViewController.swift */ = {isa = PBXFileReference; lastKnownFileType = sourcecode.swift; path = HomeViewController.swift; sourceTree = "<group>"; };
		05A4B4012759F8C70030FDE0 /* FeedViewController.swift */ = {isa = PBXFileReference; lastKnownFileType = sourcecode.swift; path = FeedViewController.swift; sourceTree = "<group>"; };
		05A4B4032759F9730030FDE0 /* WritingViewController.swift */ = {isa = PBXFileReference; lastKnownFileType = sourcecode.swift; path = WritingViewController.swift; sourceTree = "<group>"; };
		05A4B4052759F99E0030FDE0 /* NotificationViewController.swift */ = {isa = PBXFileReference; lastKnownFileType = sourcecode.swift; path = NotificationViewController.swift; sourceTree = "<group>"; };
		05A4B4072759F9DE0030FDE0 /* ProfileViewController.swift */ = {isa = PBXFileReference; lastKnownFileType = sourcecode.swift; path = ProfileViewController.swift; sourceTree = "<group>"; };
		05A4B40A275A082F0030FDE0 /* ProfileModel.swift */ = {isa = PBXFileReference; lastKnownFileType = sourcecode.swift; path = ProfileModel.swift; sourceTree = "<group>"; };
		05A4B40C275A11750030FDE0 /* ProfileInfoHeader.swift */ = {isa = PBXFileReference; lastKnownFileType = sourcecode.swift; path = ProfileInfoHeader.swift; sourceTree = "<group>"; };
		05A4B410275A13760030FDE0 /* ProfileViewControllerExtensions.swift */ = {isa = PBXFileReference; lastKnownFileType = sourcecode.swift; path = ProfileViewControllerExtensions.swift; sourceTree = "<group>"; };
/* End PBXFileReference section */

/* Begin PBXFrameworksBuildPhase section */
		05A4B3DF2759F50F0030FDE0 /* Frameworks */ = {
			isa = PBXFrameworksBuildPhase;
			buildActionMask = 2147483647;
			files = (
			);
			runOnlyForDeploymentPostprocessing = 0;
		};
/* End PBXFrameworksBuildPhase section */

/* Begin PBXGroup section */
		05A4B3D92759F50F0030FDE0 = {
			isa = PBXGroup;
			children = (
				05A4B3E42759F50F0030FDE0 /* TistoryStoryboard */,
				05A4B3E32759F50F0030FDE0 /* Products */,
			);
			sourceTree = "<group>";
		};
		05A4B3E32759F50F0030FDE0 /* Products */ = {
			isa = PBXGroup;
			children = (
				05A4B3E22759F50F0030FDE0 /* TistoryStoryboard.app */,
			);
			name = Products;
			sourceTree = "<group>";
		};
		05A4B3E42759F50F0030FDE0 /* TistoryStoryboard */ = {
			isa = PBXGroup;
			children = (
				05A4B3F92759F57C0030FDE0 /* TabBar */,
				05A4B3FA2759F7290030FDE0 /* Home */,
				05A4B3FB2759F72F0030FDE0 /* Feed */,
				05A4B3FC2759F7AA0030FDE0 /* Writing */,
				05A4B3FD2759F7B40030FDE0 /* Notification */,
				05A4B3FE2759F7BE0030FDE0 /* Profile */,
				05A4B3E52759F50F0030FDE0 /* AppDelegate.swift */,
				05A4B3E72759F50F0030FDE0 /* SceneDelegate.swift */,
				05A4B3EB2759F50F0030FDE0 /* Main.storyboard */,
				05A4B3EE2759F5100030FDE0 /* Assets.xcassets */,
				05A4B3F02759F5100030FDE0 /* LaunchScreen.storyboard */,
				05A4B3F32759F5100030FDE0 /* Info.plist */,
			);
			path = TistoryStoryboard;
			sourceTree = "<group>";
		};
		05A4B3F92759F57C0030FDE0 /* TabBar */ = {
			isa = PBXGroup;
			children = (
				05A4B3E92759F50F0030FDE0 /* TabBarViewController.swift */,
			);
			path = TabBar;
			sourceTree = "<group>";
		};
		05A4B3FA2759F7290030FDE0 /* Home */ = {
			isa = PBXGroup;
			children = (
				05A4B3FF2759F8230030FDE0 /* HomeViewController.swift */,
			);
			path = Home;
			sourceTree = "<group>";
		};
		05A4B3FB2759F72F0030FDE0 /* Feed */ = {
			isa = PBXGroup;
			children = (
				05A4B4012759F8C70030FDE0 /* FeedViewController.swift */,
			);
			path = Feed;
			sourceTree = "<group>";
		};
		05A4B3FC2759F7AA0030FDE0 /* Writing */ = {
			isa = PBXGroup;
			children = (
				05A4B4032759F9730030FDE0 /* WritingViewController.swift */,
			);
			path = Writing;
			sourceTree = "<group>";
		};
		05A4B3FD2759F7B40030FDE0 /* Notification */ = {
			isa = PBXGroup;
			children = (
				05A4B4052759F99E0030FDE0 /* NotificationViewController.swift */,
			);
			path = Notification;
			sourceTree = "<group>";
		};
		05A4B3FE2759F7BE0030FDE0 /* Profile */ = {
			isa = PBXGroup;
			children = (
				05A4B40A275A082F0030FDE0 /* ProfileModel.swift */,
				05A4B4072759F9DE0030FDE0 /* ProfileViewController.swift */,
				05A4B410275A13760030FDE0 /* ProfileViewControllerExtensions.swift */,
				05A4B409275A07BD0030FDE0 /* TableView */,
			);
			path = Profile;
			sourceTree = "<group>";
		};
		05A4B409275A07BD0030FDE0 /* TableView */ = {
			isa = PBXGroup;
			children = (
				05A4B40C275A11750030FDE0 /* ProfileInfoHeader.swift */,
			);
			path = TableView;
			sourceTree = "<group>";
		};
/* End PBXGroup section */

/* Begin PBXNativeTarget section */
		05A4B3E12759F50F0030FDE0 /* TistoryStoryboard */ = {
			isa = PBXNativeTarget;
			buildConfigurationList = 05A4B3F62759F5100030FDE0 /* Build configuration list for PBXNativeTarget "TistoryStoryboard" */;
			buildPhases = (
				05A4B3DE2759F50F0030FDE0 /* Sources */,
				05A4B3DF2759F50F0030FDE0 /* Frameworks */,
				05A4B3E02759F50F0030FDE0 /* Resources */,
			);
			buildRules = (
			);
			dependencies = (
			);
			name = TistoryStoryboard;
			productName = TistoryStoryboard;
			productReference = 05A4B3E22759F50F0030FDE0 /* TistoryStoryboard.app */;
			productType = "com.apple.product-type.application";
		};
/* End PBXNativeTarget section */

/* Begin PBXProject section */
		05A4B3DA2759F50F0030FDE0 /* Project object */ = {
			isa = PBXProject;
			attributes = {
				BuildIndependentTargetsInParallel = 1;
				LastSwiftUpdateCheck = 1300;
				LastUpgradeCheck = 1300;
				TargetAttributes = {
					05A4B3E12759F50F0030FDE0 = {
						CreatedOnToolsVersion = 13.0;
					};
				};
			};
			buildConfigurationList = 05A4B3DD2759F50F0030FDE0 /* Build configuration list for PBXProject "TistoryStoryboard" */;
			compatibilityVersion = "Xcode 13.0";
			developmentRegion = en;
			hasScannedForEncodings = 0;
			knownRegions = (
				en,
				Base,
			);
			mainGroup = 05A4B3D92759F50F0030FDE0;
			productRefGroup = 05A4B3E32759F50F0030FDE0 /* Products */;
			projectDirPath = "";
			projectRoot = "";
			targets = (
				05A4B3E12759F50F0030FDE0 /* TistoryStoryboard */,
			);
		};
/* End PBXProject section */

/* Begin PBXResourcesBuildPhase section */
		05A4B3E02759F50F0030FDE0 /* Resources */ = {
			isa = PBXResourcesBuildPhase;
			buildActionMask = 2147483647;
			files = (
				05A4B3F22759F5100030FDE0 /* LaunchScreen.storyboard in Resources */,
				05A4B3EF2759F5100030FDE0 /* Assets.xcassets in Resources */,
				05A4B3ED2759F50F0030FDE0 /* Main.storyboard in Resources */,
			);
			runOnlyForDeploymentPostprocessing = 0;
		};
/* End PBXResourcesBuildPhase section */

/* Begin PBXSourcesBuildPhase section */
		05A4B3DE2759F50F0030FDE0 /* Sources */ = {
			isa = PBXSourcesBuildPhase;
			buildActionMask = 2147483647;
			files = (
				05A4B40B275A082F0030FDE0 /* ProfileModel.swift in Sources */,
				05A4B3EA2759F50F0030FDE0 /* TabBarViewController.swift in Sources */,
				05A4B4082759F9DE0030FDE0 /* ProfileViewController.swift in Sources */,
				05A4B4042759F9730030FDE0 /* WritingViewController.swift in Sources */,
				05A4B3E62759F50F0030FDE0 /* AppDelegate.swift in Sources */,
				05A4B4022759F8C70030FDE0 /* FeedViewController.swift in Sources */,
				05A4B40D275A11750030FDE0 /* ProfileInfoHeader.swift in Sources */,
				05A4B3E82759F50F0030FDE0 /* SceneDelegate.swift in Sources */,
				05A4B411275A13760030FDE0 /* ProfileViewControllerExtensions.swift in Sources */,
				05A4B4002759F8230030FDE0 /* HomeViewController.swift in Sources */,
				05A4B4062759F99E0030FDE0 /* NotificationViewController.swift in Sources */,
			);
			runOnlyForDeploymentPostprocessing = 0;
		};
/* End PBXSourcesBuildPhase section */

/* Begin PBXVariantGroup section */
		05A4B3EB2759F50F0030FDE0 /* Main.storyboard */ = {
			isa = PBXVariantGroup;
			children = (
				05A4B3EC2759F50F0030FDE0 /* Base */,
			);
			name = Main.storyboard;
			sourceTree = "<group>";
		};
		05A4B3F02759F5100030FDE0 /* LaunchScreen.storyboard */ = {
			isa = PBXVariantGroup;
			children = (
				05A4B3F12759F5100030FDE0 /* Base */,
			);
			name = LaunchScreen.storyboard;
			sourceTree = "<group>";
		};
/* End PBXVariantGroup section */

/* Begin XCBuildConfiguration section */
		05A4B3F42759F5100030FDE0 /* Debug */ = {
			isa = XCBuildConfiguration;
			buildSettings = {
				ALWAYS_SEARCH_USER_PATHS = NO;
				CLANG_ANALYZER_NONNULL = YES;
				CLANG_ANALYZER_NUMBER_OBJECT_CONVERSION = YES_AGGRESSIVE;
				CLANG_CXX_LANGUAGE_STANDARD = "gnu++17";
				CLANG_CXX_LIBRARY = "libc++";
				CLANG_ENABLE_MODULES = YES;
				CLANG_ENABLE_OBJC_ARC = YES;
				CLANG_ENABLE_OBJC_WEAK = YES;
				CLANG_WARN_BLOCK_CAPTURE_AUTORELEASING = YES;
				CLANG_WARN_BOOL_CONVERSION = YES;
				CLANG_WARN_COMMA = YES;
				CLANG_WARN_CONSTANT_CONVERSION = YES;
				CLANG_WARN_DEPRECATED_OBJC_IMPLEMENTATIONS = YES;
				CLANG_WARN_DIRECT_OBJC_ISA_USAGE = YES_ERROR;
				CLANG_WARN_DOCUMENTATION_COMMENTS = YES;
				CLANG_WARN_EMPTY_BODY = YES;
				CLANG_WARN_ENUM_CONVERSION = YES;
				CLANG_WARN_INFINITE_RECURSION = YES;
				CLANG_WARN_INT_CONVERSION = YES;
				CLANG_WARN_NON_LITERAL_NULL_CONVERSION = YES;
				CLANG_WARN_OBJC_IMPLICIT_RETAIN_SELF = YES;
				CLANG_WARN_OBJC_LITERAL_CONVERSION = YES;
				CLANG_WARN_OBJC_ROOT_CLASS = YES_ERROR;
				CLANG_WARN_QUOTED_INCLUDE_IN_FRAMEWORK_HEADER = YES;
				CLANG_WARN_RANGE_LOOP_ANALYSIS = YES;
				CLANG_WARN_STRICT_PROTOTYPES = YES;
				CLANG_WARN_SUSPICIOUS_MOVE = YES;
				CLANG_WARN_UNGUARDED_AVAILABILITY = YES_AGGRESSIVE;
				CLANG_WARN_UNREACHABLE_CODE = YES;
				CLANG_WARN__DUPLICATE_METHOD_MATCH = YES;
				COPY_PHASE_STRIP = NO;
				DEBUG_INFORMATION_FORMAT = dwarf;
				ENABLE_STRICT_OBJC_MSGSEND = YES;
				ENABLE_TESTABILITY = YES;
				GCC_C_LANGUAGE_STANDARD = gnu11;
				GCC_DYNAMIC_NO_PIC = NO;
				GCC_NO_COMMON_BLOCKS = YES;
				GCC_OPTIMIZATION_LEVEL = 0;
				GCC_PREPROCESSOR_DEFINITIONS = (
					"DEBUG=1",
					"$(inherited)",
				);
				GCC_WARN_64_TO_32_BIT_CONVERSION = YES;
				GCC_WARN_ABOUT_RETURN_TYPE = YES_ERROR;
				GCC_WARN_UNDECLARED_SELECTOR = YES;
				GCC_WARN_UNINITIALIZED_AUTOS = YES_AGGRESSIVE;
				GCC_WARN_UNUSED_FUNCTION = YES;
				GCC_WARN_UNUSED_VARIABLE = YES;
				IPHONEOS_DEPLOYMENT_TARGET = 15.0;
				MTL_ENABLE_DEBUG_INFO = INCLUDE_SOURCE;
				MTL_FAST_MATH = YES;
				ONLY_ACTIVE_ARCH = YES;
				SDKROOT = iphoneos;
				SWIFT_ACTIVE_COMPILATION_CONDITIONS = DEBUG;
				SWIFT_OPTIMIZATION_LEVEL = "-Onone";
			};
			name = Debug;
		};
		05A4B3F52759F5100030FDE0 /* Release */ = {
			isa = XCBuildConfiguration;
			buildSettings = {
				ALWAYS_SEARCH_USER_PATHS = NO;
				CLANG_ANALYZER_NONNULL = YES;
				CLANG_ANALYZER_NUMBER_OBJECT_CONVERSION = YES_AGGRESSIVE;
				CLANG_CXX_LANGUAGE_STANDARD = "gnu++17";
				CLANG_CXX_LIBRARY = "libc++";
				CLANG_ENABLE_MODULES = YES;
				CLANG_ENABLE_OBJC_ARC = YES;
				CLANG_ENABLE_OBJC_WEAK = YES;
				CLANG_WARN_BLOCK_CAPTURE_AUTORELEASING = YES;
				CLANG_WARN_BOOL_CONVERSION = YES;
				CLANG_WARN_COMMA = YES;
				CLANG_WARN_CONSTANT_CONVERSION = YES;
				CLANG_WARN_DEPRECATED_OBJC_IMPLEMENTATIONS = YES;
				CLANG_WARN_DIRECT_OBJC_ISA_USAGE = YES_ERROR;
				CLANG_WARN_DOCUMENTATION_COMMENTS = YES;
				CLANG_WARN_EMPTY_BODY = YES;
				CLANG_WARN_ENUM_CONVERSION = YES;
				CLANG_WARN_INFINITE_RECURSION = YES;
				CLANG_WARN_INT_CONVERSION = YES;
				CLANG_WARN_NON_LITERAL_NULL_CONVERSION = YES;
				CLANG_WARN_OBJC_IMPLICIT_RETAIN_SELF = YES;
				CLANG_WARN_OBJC_LITERAL_CONVERSION = YES;
				CLANG_WARN_OBJC_ROOT_CLASS = YES_ERROR;
				CLANG_WARN_QUOTED_INCLUDE_IN_FRAMEWORK_HEADER = YES;
				CLANG_WARN_RANGE_LOOP_ANALYSIS = YES;
				CLANG_WARN_STRICT_PROTOTYPES = YES;
				CLANG_WARN_SUSPICIOUS_MOVE = YES;
				CLANG_WARN_UNGUARDED_AVAILABILITY = YES_AGGRESSIVE;
				CLANG_WARN_UNREACHABLE_CODE = YES;
				CLANG_WARN__DUPLICATE_METHOD_MATCH = YES;
				COPY_PHASE_STRIP = NO;
				DEBUG_INFORMATION_FORMAT = "dwarf-with-dsym";
				ENABLE_NS_ASSERTIONS = NO;
				ENABLE_STRICT_OBJC_MSGSEND = YES;
				GCC_C_LANGUAGE_STANDARD = gnu11;
				GCC_NO_COMMON_BLOCKS = YES;
				GCC_WARN_64_TO_32_BIT_CONVERSION = YES;
				GCC_WARN_ABOUT_RETURN_TYPE = YES_ERROR;
				GCC_WARN_UNDECLARED_SELECTOR = YES;
				GCC_WARN_UNINITIALIZED_AUTOS = YES_AGGRESSIVE;
				GCC_WARN_UNUSED_FUNCTION = YES;
				GCC_WARN_UNUSED_VARIABLE = YES;
				IPHONEOS_DEPLOYMENT_TARGET = 15.0;
				MTL_ENABLE_DEBUG_INFO = NO;
				MTL_FAST_MATH = YES;
				SDKROOT = iphoneos;
				SWIFT_COMPILATION_MODE = wholemodule;
				SWIFT_OPTIMIZATION_LEVEL = "-O";
				VALIDATE_PRODUCT = YES;
			};
			name = Release;
		};
		05A4B3F72759F5100030FDE0 /* Debug */ = {
			isa = XCBuildConfiguration;
			buildSettings = {
				ASSETCATALOG_COMPILER_APPICON_NAME = AppIcon;
				ASSETCATALOG_COMPILER_GLOBAL_ACCENT_COLOR_NAME = AccentColor;
				CODE_SIGN_STYLE = Automatic;
				CURRENT_PROJECT_VERSION = 1;
				DEVELOPMENT_TEAM = GMHUACJXLZ;
				GENERATE_INFOPLIST_FILE = YES;
				INFOPLIST_FILE = TistoryStoryboard/Info.plist;
				INFOPLIST_KEY_UIApplicationSupportsIndirectInputEvents = YES;
				INFOPLIST_KEY_UILaunchStoryboardName = LaunchScreen;
				INFOPLIST_KEY_UIMainStoryboardFile = Main;
				INFOPLIST_KEY_UISupportedInterfaceOrientations_iPad = "UIInterfaceOrientationPortrait UIInterfaceOrientationPortraitUpsideDown UIInterfaceOrientationLandscapeLeft UIInterfaceOrientationLandscapeRight";
				INFOPLIST_KEY_UISupportedInterfaceOrientations_iPhone = "UIInterfaceOrientationPortrait UIInterfaceOrientationLandscapeLeft UIInterfaceOrientationLandscapeRight";
				LD_RUNPATH_SEARCH_PATHS = (
					"$(inherited)",
					"@executable_path/Frameworks",
				);
				MARKETING_VERSION = 1.0;
				PRODUCT_BUNDLE_IDENTIFIER = yumin.TistoryStoryboard;
				PRODUCT_NAME = "$(TARGET_NAME)";
				SWIFT_EMIT_LOC_STRINGS = YES;
				SWIFT_VERSION = 5.0;
				TARGETED_DEVICE_FAMILY = "1,2";
			};
			name = Debug;
		};
		05A4B3F82759F5100030FDE0 /* Release */ = {
			isa = XCBuildConfiguration;
			buildSettings = {
				ASSETCATALOG_COMPILER_APPICON_NAME = AppIcon;
				ASSETCATALOG_COMPILER_GLOBAL_ACCENT_COLOR_NAME = AccentColor;
				CODE_SIGN_STYLE = Automatic;
				CURRENT_PROJECT_VERSION = 1;
				DEVELOPMENT_TEAM = GMHUACJXLZ;
				GENERATE_INFOPLIST_FILE = YES;
				INFOPLIST_FILE = TistoryStoryboard/Info.plist;
				INFOPLIST_KEY_UIApplicationSupportsIndirectInputEvents = YES;
				INFOPLIST_KEY_UILaunchStoryboardName = LaunchScreen;
				INFOPLIST_KEY_UIMainStoryboardFile = Main;
				INFOPLIST_KEY_UISupportedInterfaceOrientations_iPad = "UIInterfaceOrientationPortrait UIInterfaceOrientationPortraitUpsideDown UIInterfaceOrientationLandscapeLeft UIInterfaceOrientationLandscapeRight";
				INFOPLIST_KEY_UISupportedInterfaceOrientations_iPhone = "UIInterfaceOrientationPortrait UIInterfaceOrientationLandscapeLeft UIInterfaceOrientationLandscapeRight";
				LD_RUNPATH_SEARCH_PATHS = (
					"$(inherited)",
					"@executable_path/Frameworks",
				);
				MARKETING_VERSION = 1.0;
				PRODUCT_BUNDLE_IDENTIFIER = yumin.TistoryStoryboard;
				PRODUCT_NAME = "$(TARGET_NAME)";
				SWIFT_EMIT_LOC_STRINGS = YES;
				SWIFT_VERSION = 5.0;
				TARGETED_DEVICE_FAMILY = "1,2";
			};
			name = Release;
		};
/* End XCBuildConfiguration section */

/* Begin XCConfigurationList section */
		05A4B3DD2759F50F0030FDE0 /* Build configuration list for PBXProject "TistoryStoryboard" */ = {
			isa = XCConfigurationList;
			buildConfigurations = (
				05A4B3F42759F5100030FDE0 /* Debug */,
				05A4B3F52759F5100030FDE0 /* Release */,
			);
			defaultConfigurationIsVisible = 0;
			defaultConfigurationName = Release;
		};
		05A4B3F62759F5100030FDE0 /* Build configuration list for PBXNativeTarget "TistoryStoryboard" */ = {
			isa = XCConfigurationList;
			buildConfigurations = (
				05A4B3F72759F5100030FDE0 /* Debug */,
				05A4B3F82759F5100030FDE0 /* Release */,
			);
			defaultConfigurationIsVisible = 0;
			defaultConfigurationName = Release;
		};
/* End XCConfigurationList section */
	};
	rootObject = 05A4B3DA2759F50F0030FDE0 /* Project object */;
}
